
Microsoft Visual Studio Solution File, Format Version 12.00
# Visual Studio 14
VisualStudioVersion = 14.0.25123.0
MinimumVisualStudioVersion = 10.0.40219.1
Project("{151D2E53-A2C4-4D7D-83FE-D05416EBD58E}") = "vmss1", "vmss1\vmss1.deployproj", "{7D8EC026-6BE8-46E8-9920-A39260A7CCC2}"
EndProject
Project("{151D2E53-A2C4-4D7D-83FE-D05416EBD58E}") = "vmss2", "vmss2\vmss2.deployproj", "{BFF3668D-EBB2-4C1D-AAA2-E97583F0B675}"
EndProject
Project("{151D2E53-A2C4-4D7D-83FE-D05416EBD58E}") = "vmss3", "vmss3\vmss3.deployproj", "{8D1EEC8B-532F-467E-B9ED-A4C29DA124EE}"
EndProject
Project("{151D2E53-A2C4-4D7D-83FE-D05416EBD58E}") = "vmssCX", "vmssCX\vmssCX.deployproj", "{2E32ECD6-2BDB-466E-802B-AD607ECF7F44}"
EndProject
Global
	GlobalSection(SolutionConfigurationPlatforms) = preSolution
		Debug|Any CPU = Debug|Any CPU
		Release|Any CPU = Release|Any CPU
	EndGlobalSection
	GlobalSection(ProjectConfigurationPlatforms) = postSolution
		{7D8EC026-6BE8-46E8-9920-A39260A7CCC2}.Debug|Any CPU.ActiveCfg = Debug|Any CPU
		{7D8EC026-6BE8-46E8-9920-A39260A7CCC2}.Debug|Any CPU.Build.0 = Debug|Any CPU
		{7D8EC026-6BE8-46E8-9920-A39260A7CCC2}.Release|Any CPU.ActiveCfg = Release|Any CPU
		{7D8EC026-6BE8-46E8-9920-A39260A7CCC2}.Release|Any CPU.Build.0 = Release|Any CPU
		{BFF3668D-EBB2-4C1D-AAA2-E97583F0B675}.Debug|Any CPU.ActiveCfg = Debug|Any CPU
		{BFF3668D-EBB2-4C1D-AAA2-E97583F0B675}.Debug|Any CPU.Build.0 = Debug|Any CPU
		{BFF3668D-EBB2-4C1D-AAA2-E97583F0B675}.Release|Any CPU.ActiveCfg = Release|Any CPU
		{BFF3668D-EBB2-4C1D-AAA2-E97583F0B675}.Release|Any CPU.Build.0 = Release|Any CPU
		{8D1EEC8B-532F-467E-B9ED-A4C29DA124EE}.Debug|Any CPU.ActiveCfg = Debug|Any CPU
		{8D1EEC8B-532F-467E-B9ED-A4C29DA124EE}.Debug|Any CPU.Build.0 = Debug|Any CPU
		{8D1EEC8B-532F-467E-B9ED-A4C29DA124EE}.Release|Any CPU.ActiveCfg = Release|Any CPU
		{8D1EEC8B-532F-467E-B9ED-A4C29DA124EE}.Release|Any CPU.Build.0 = Release|Any CPU
		{2E32ECD6-2BDB-466E-802B-AD607ECF7F44}.Debug|Any CPU.ActiveCfg = Debug|Any CPU
		{2E32ECD6-2BDB-466E-802B-AD607ECF7F44}.Debug|Any CPU.Build.0 = Debug|Any CPU
		{2E32ECD6-2BDB-466E-802B-AD607ECF7F44}.Release|Any CPU.ActiveCfg = Release|Any CPU
		{2E32ECD6-2BDB-466E-802B-AD607ECF7F44}.Release|Any CPU.Build.0 = Release|Any CPU
	EndGlobalSection
	GlobalSection(SolutionProperties) = preSolution
		HideSolutionNode = FALSE
	EndGlobalSection
EndGlobal
